<?xml version="1.0" encoding="utf-8"?>
<Project ToolsVersion="4.0" xmlns="http://schemas.microsoft.com/developer/msbuild/2003">
  <ItemGroup>
    <Filter Include="소스 파일">
      <UniqueIdentifier>{4FC737F1-C7A5-4376-A066-2A32D752A2FF}</UniqueIdentifier>
      <Extensions>cpp;c;cc;cxx;def;odl;idl;hpj;bat;asm;asmx</Extensions>
    </Filter>
    <Filter Include="헤더 파일">
      <UniqueIdentifier>{93995380-89BD-4b04-88EB-625FBE52EBFB}</UniqueIdentifier>
      <Extensions>h;hh;hpp;hxx;hm;inl;inc;xsd</Extensions>
    </Filter>
    <Filter Include="리소스 파일">
      <UniqueIdentifier>{67DA6AB6-F800-4c08-8B7A-83BB121AAD01}</UniqueIdentifier>
      <Extensions>rc;ico;cur;bmp;dlg;rc2;rct;bin;rgs;gif;jpg;jpeg;jpe;resx;tiff;tif;png;wav;mfcribbon-ms</Extensions>
    </Filter>
  </ItemGroup>
  <ItemGroup>
    <ClCompile Include="1_참조계수.cpp">
      <Filter>소스 파일</Filter>
    </ClCompile>
    <ClCompile Include="1_참조계수2.cpp">
      <Filter>소스 파일</Filter>
    </ClCompile>
    <ClCompile Include="1_참조계수3.cpp">
      <Filter>소스 파일</Filter>
    </ClCompile>
    <ClCompile Include="1_참조계수4.cpp">
      <Filter>소스 파일</Filter>
    </ClCompile>
    <ClCompile Include="1_참조계수5.cpp">
      <Filter>소스 파일</Filter>
    </ClCompile>
    <ClCompile Include="1_참조계수6.cpp">
      <Filter>소스 파일</Filter>
    </ClCompile>
    <ClCompile Include="1_참조계수7.cpp">
      <Filter>소스 파일</Filter>
    </ClCompile>
    <ClCompile Include="2_Proxy.cpp">
      <Filter>소스 파일</Filter>
    </ClCompile>
    <ClCompile Include="2_Proxy2.cpp">
      <Filter>소스 파일</Filter>
    </ClCompile>
    <ClCompile Include="2_Proxy3.cpp">
      <Filter>소스 파일</Filter>
    </ClCompile>
    <ClCompile Include="CalcProxy.cpp">
      <Filter>소스 파일</Filter>
    </ClCompile>
    <ClCompile Include="2_Proxy4.cpp">
      <Filter>소스 파일</Filter>
    </ClCompile>
    <ClCompile Include="3_Decorator.cpp">
      <Filter>소스 파일</Filter>
    </ClCompile>
    <ClCompile Include="3_Decorator2.cpp">
      <Filter>소스 파일</Filter>
    </ClCompile>
    <ClCompile Include="4_State.cpp">
      <Filter>소스 파일</Filter>
    </ClCompile>
    <ClCompile Include="4_State2.cpp">
      <Filter>소스 파일</Filter>
    </ClCompile>
    <ClCompile Include="4_State3.cpp">
      <Filter>소스 파일</Filter>
    </ClCompile>
    <ClCompile Include="4_State4.cpp">
      <Filter>소스 파일</Filter>
    </ClCompile>
    <ClCompile Include="5_빌더.cpp">
      <Filter>소스 파일</Filter>
    </ClCompile>
    <ClCompile Include="5_빌더2.cpp">
      <Filter>소스 파일</Filter>
    </ClCompile>
    <ClCompile Include="5_빌더3.cpp">
      <Filter>소스 파일</Filter>
    </ClCompile>
    <ClCompile Include="5_빌더4.cpp">
      <Filter>소스 파일</Filter>
    </ClCompile>
    <ClCompile Include="6_퍼사드.cpp">
      <Filter>소스 파일</Filter>
    </ClCompile>
    <ClCompile Include="6_퍼사드2.cpp">
      <Filter>소스 파일</Filter>
    </ClCompile>
    <ClCompile Include="7_메멘토.cpp">
      <Filter>소스 파일</Filter>
    </ClCompile>
    <ClCompile Include="8_브릿지.cpp">
      <Filter>소스 파일</Filter>
    </ClCompile>
    <ClCompile Include="8_브릿지2.cpp">
      <Filter>소스 파일</Filter>
    </ClCompile>
    <ClCompile Include="9_총정리.cpp">
      <Filter>소스 파일</Filter>
    </ClCompile>
  </ItemGroup>
  <ItemGroup>
    <ClInclude Include="ioacademy.h">
      <Filter>헤더 파일</Filter>
    </ClInclude>
    <ClInclude Include="ICalc.h">
      <Filter>헤더 파일</Filter>
    </ClInclude>
  </ItemGroup>
</Project>