<?xml version="1.0" encoding="utf-8"?>
<Project ToolsVersion="4.0" xmlns="http://schemas.microsoft.com/developer/msbuild/2003">
  <ItemGroup>
    <Filter Include="소스 파일">
      <UniqueIdentifier>{4FC737F1-C7A5-4376-A066-2A32D752A2FF}</UniqueIdentifier>
      <Extensions>cpp;c;cc;cxx;def;odl;idl;hpj;bat;asm;asmx</Extensions>
    </Filter>
    <Filter Include="헤더 파일">
      <UniqueIdentifier>{93995380-89BD-4b04-88EB-625FBE52EBFB}</UniqueIdentifier>
      <Extensions>h;hh;hpp;hxx;hm;inl;inc;xsd</Extensions>
    </Filter>
    <Filter Include="리소스 파일">
      <UniqueIdentifier>{67DA6AB6-F800-4c08-8B7A-83BB121AAD01}</UniqueIdentifier>
      <Extensions>rc;ico;cur;bmp;dlg;rc2;rct;bin;rgs;gif;jpg;jpeg;jpe;resx;tiff;tif;png;wav;mfcribbon-ms</Extensions>
    </Filter>
  </ItemGroup>
  <ItemGroup>
    <ClCompile Include="1_방문자.cpp">
      <Filter>소스 파일</Filter>
    </ClCompile>
    <ClCompile Include="1_방문자2.cpp">
      <Filter>소스 파일</Filter>
    </ClCompile>
    <ClCompile Include="1_방문자3.cpp">
      <Filter>소스 파일</Filter>
    </ClCompile>
    <ClCompile Include="2_책임의전가.cpp">
      <Filter>소스 파일</Filter>
    </ClCompile>
    <ClCompile Include="3_관찰자.cpp">
      <Filter>소스 파일</Filter>
    </ClCompile>
    <ClCompile Include="4_통보센터.cpp">
      <Filter>소스 파일</Filter>
    </ClCompile>
    <ClCompile Include="2_책임의전가2.cpp">
      <Filter>소스 파일</Filter>
    </ClCompile>
    <ClCompile Include="3_관찰자2.cpp">
      <Filter>소스 파일</Filter>
    </ClCompile>
    <ClCompile Include="SampleGraph.cpp">
      <Filter>소스 파일</Filter>
    </ClCompile>
    <ClCompile Include="5_싱글톤.cpp">
      <Filter>소스 파일</Filter>
    </ClCompile>
    <ClCompile Include="6_CRTP.cpp">
      <Filter>소스 파일</Filter>
    </ClCompile>
    <ClCompile Include="5_싱글톤2.cpp">
      <Filter>소스 파일</Filter>
    </ClCompile>
    <ClCompile Include="5_싱글톤3.cpp">
      <Filter>소스 파일</Filter>
    </ClCompile>
    <ClCompile Include="5_싱글톤4.cpp">
      <Filter>소스 파일</Filter>
    </ClCompile>
    <ClCompile Include="6_CRTP2.cpp">
      <Filter>소스 파일</Filter>
    </ClCompile>
    <ClCompile Include="5_싱글톤5.cpp">
      <Filter>소스 파일</Filter>
    </ClCompile>
    <ClCompile Include="7_Command.cpp">
      <Filter>소스 파일</Filter>
    </ClCompile>
    <ClCompile Include="7_Command2.cpp">
      <Filter>소스 파일</Filter>
    </ClCompile>
    <ClCompile Include="8_플라이웨이트.cpp">
      <Filter>소스 파일</Filter>
    </ClCompile>
    <ClCompile Include="8_플라이웨이트2.cpp">
      <Filter>소스 파일</Filter>
    </ClCompile>
    <ClCompile Include="8_플라이웨이트3.cpp">
      <Filter>소스 파일</Filter>
    </ClCompile>
    <ClCompile Include="9_추상팩토리.cpp">
      <Filter>소스 파일</Filter>
    </ClCompile>
    <ClCompile Include="정리.cpp">
      <Filter>소스 파일</Filter>
    </ClCompile>
  </ItemGroup>
  <ItemGroup>
    <ClInclude Include="ioacademy.h">
      <Filter>헤더 파일</Filter>
    </ClInclude>
    <ClInclude Include="IObserver.h">
      <Filter>헤더 파일</Filter>
    </ClInclude>
  </ItemGroup>
</Project>